
Microsoft Visual Studio Solution File, Format Version 12.00
# Visual Studio Version 16
VisualStudioVersion = 16.0.28803.156
MinimumVisualStudioVersion = 10.0.40219.1
Project("{8BC9CEB8-8B4A-11D0-8D11-00A0C91BC942}") = "CppDemo", "CppDemo\CppDemo.vcxproj", "{4C2E58EA-C812-43DB-9664-2CA26BABB34E}"
EndProject
Global
	GlobalSection(SolutionConfigurationPlatforms) = preSolution
		Debug|x64 = Debug|x64
		Debug|x86 = Debug|x86
		Release|x64 = Release|x64
		Release|x86 = Release|x86
	EndGlobalSection
	GlobalSection(ProjectConfigurationPlatforms) = postSolution
		{4C2E58EA-C812-43DB-9664-2CA26BABB34E}.Debug|x64.ActiveCfg = Debug|x64
		{4C2E58EA-C812-43DB-9664-2CA26BABB34E}.Debug|x64.Build.0 = Debug|x64
		{4C2E58EA-C812-43DB-9664-2CA26BABB34E}.Debug|x86.ActiveCfg = Debug|Win32
		{4C2E58EA-C812-43DB-9664-2CA26BABB34E}.Debug|x86.Build.0 = Debug|Win32
		{4C2E58EA-C812-43DB-9664-2CA26BABB34E}.Release|x64.ActiveCfg = Release|x64
		{4C2E58EA-C812-43DB-9664-2CA26BABB34E}.Release|x64.Build.0 = Release|x64
		{4C2E58EA-C812-43DB-9664-2CA26BABB34E}.Release|x86.ActiveCfg = Release|Win32
		{4C2E58EA-C812-43DB-9664-2CA26BABB34E}.Release|x86.Build.0 = Release|Win32
	EndGlobalSection
	GlobalSection(SolutionProperties) = preSolution
		HideSolutionNode = FALSE
	EndGlobalSection
	GlobalSection(ExtensibilityGlobals) = postSolution
		SolutionGuid = {1E42CAD2-9595-4563-992C-39DDDDD5BF59}
	EndGlobalSection
	GlobalSection(TeamFoundationVersionControl) = preSolution
		SccNumberOfProjects = 2
		SccEnterpriseProvider = {4CA58AB2-18FA-4F8D-95D4-32DDF27D184C}
		SccTeamFoundationServer = https://dev.azure.com/zyl3231772
		SccLocalPath0 = .
		SccProjectUniqueName1 = CppDemo\\CppDemo.vcxproj
		SccProjectName1 = CppDemo
		SccLocalPath1 = CppDemo
	EndGlobalSection
EndGlobal
